
Microsoft Visual Studio Solution File, Format Version 12.00
# Visual Studio Version 16
VisualStudioVersion = 16.0.30517.126
MinimumVisualStudioVersion = 10.0.40219.1
Project("{FAE04EC0-301F-11D3-BF4B-00C04F79EFBC}") = "Figures", "Figures\Figures.csproj", "{27750BFE-B523-4E12-A69B-267ACB2E598F}"
EndProject
Global
	GlobalSection(SolutionConfigurationPlatforms) = preSolution
		Debug|Any CPU = Debug|Any CPU
		Release|Any CPU = Release|Any CPU
	EndGlobalSection
	GlobalSection(ProjectConfigurationPlatforms) = postSolution
		{27750BFE-B523-4E12-A69B-267ACB2E598F}.Debug|Any CPU.ActiveCfg = Debug|Any CPU
		{27750BFE-B523-4E12-A69B-267ACB2E598F}.Debug|Any CPU.Build.0 = Debug|Any CPU
		{27750BFE-B523-4E12-A69B-267ACB2E598F}.Release|Any CPU.ActiveCfg = Release|Any CPU
		{27750BFE-B523-4E12-A69B-267ACB2E598F}.Release|Any CPU.Build.0 = Release|Any CPU
	EndGlobalSection
	GlobalSection(SolutionProperties) = preSolution
		HideSolutionNode = FALSE
	EndGlobalSection
	GlobalSection(ExtensibilityGlobals) = postSolution
		SolutionGuid = {BA70D364-D6BC-4D35-951F-70489295601D}
	EndGlobalSection
EndGlobal
